// !$*UTF8*$!
{
	archiveVersion = 1;
	classes = {
	};
	objectVersion = 46;
	objects = {

/* Begin PBXBuildFile section */
		CC0FD5ED1E4BA65A00D3970A /* Particle-b.png in Resources */ = {isa = PBXBuildFile; fileRef = CC0FD5EB1E4BA65A00D3970A /* Particle-b.png */; };
		CC0FD5EE1E4BA65A00D3970A /* Particle-w.png in Resources */ = {isa = PBXBuildFile; fileRef = CC0FD5EC1E4BA65A00D3970A /* Particle-w.png */; };
		CC0FD5F01E4BA73000D3970A /* Pencil.png in Resources */ = {isa = PBXBuildFile; fileRef = CC0FD5EF1E4BA73000D3970A /* Pencil.png */; };
		CC0FD5F11E4BA73000D3970A /* Pencil.png in Resources */ = {isa = PBXBuildFile; fileRef = CC0FD5EF1E4BA73000D3970A /* Pencil.png */; };
		CC1F2F2F1E1151180097B223 /* ImageRenderable.swift in Sources */ = {isa = PBXBuildFile; fileRef = CC1F2F2C1E1151180097B223 /* ImageRenderable.swift */; };
		CC1F2F301E1151180097B223 /* ImageRenderer.swift in Sources */ = {isa = PBXBuildFile; fileRef = CC1F2F2D1E1151180097B223 /* ImageRenderer.swift */; };
		CC1F2F311E1151180097B223 /* ImageShaders.metal in Sources */ = {isa = PBXBuildFile; fileRef = CC1F2F2E1E1151180097B223 /* ImageShaders.metal */; };
		CC1F2F321E11523C0097B223 /* ImageRenderable.swift in Sources */ = {isa = PBXBuildFile; fileRef = CC1F2F2C1E1151180097B223 /* ImageRenderable.swift */; };
		CC1F2F331E11523C0097B223 /* ImageRenderer.swift in Sources */ = {isa = PBXBuildFile; fileRef = CC1F2F2D1E1151180097B223 /* ImageRenderer.swift */; };
		CC1F2F341E11523C0097B223 /* ImageShaders.metal in Sources */ = {isa = PBXBuildFile; fileRef = CC1F2F2E1E1151180097B223 /* ImageShaders.metal */; };
		CC1F2F361E1152710097B223 /* BlueMarble.png in Resources */ = {isa = PBXBuildFile; fileRef = CC1F2F351E1152710097B223 /* BlueMarble.png */; };
		CC1F2F371E11527F0097B223 /* BlueMarble.png in Resources */ = {isa = PBXBuildFile; fileRef = CC1F2F351E1152710097B223 /* BlueMarble.png */; };
		CC50D76C1E593F67005A069B /* RenderCanvasContext.swift in Sources */ = {isa = PBXBuildFile; fileRef = CC50D76B1E593F67005A069B /* RenderCanvasContext.swift */; };
		CC50D76D1E593F67005A069B /* RenderCanvasContext.swift in Sources */ = {isa = PBXBuildFile; fileRef = CC50D76B1E593F67005A069B /* RenderCanvasContext.swift */; };
		CC54295D1E14EF3900C1929E /* SampleCanvasScribbleLayer.swift in Sources */ = {isa = PBXBuildFile; fileRef = CC54295C1E14EF3900C1929E /* SampleCanvasScribbleLayer.swift */; };
		CC54295E1E14EF3C00C1929E /* SampleCanvasScribbleLayer.swift in Sources */ = {isa = PBXBuildFile; fileRef = CC54295C1E14EF3900C1929E /* SampleCanvasScribbleLayer.swift */; };
		CC78D7171E436BF100B7C0DA /* Float16.swift in Sources */ = {isa = PBXBuildFile; fileRef = CCE0395B1E434E2D00B58AFA /* Float16.swift */; };
		CC78D7191E436D9F00B7C0DA /* Kernel.swift in Sources */ = {isa = PBXBuildFile; fileRef = CC78D7181E436D9F00B7C0DA /* Kernel.swift */; };
		CC78D71A1E436E0300B7C0DA /* Kernel.swift in Sources */ = {isa = PBXBuildFile; fileRef = CC78D7181E436D9F00B7C0DA /* Kernel.swift */; };
		CC78D71C1E43832C00B7C0DA /* CGPath+Z.swift in Sources */ = {isa = PBXBuildFile; fileRef = CC78D71B1E43832C00B7C0DA /* CGPath+Z.swift */; };
		CC78D71D1E43832C00B7C0DA /* CGPath+Z.swift in Sources */ = {isa = PBXBuildFile; fileRef = CC78D71B1E43832C00B7C0DA /* CGPath+Z.swift */; };
		CC78D71F1E43B72300B7C0DA /* BezierShaders.metal in Sources */ = {isa = PBXBuildFile; fileRef = CC78D71E1E43B72300B7C0DA /* BezierShaders.metal */; };
		CC78D7201E43B72300B7C0DA /* BezierShaders.metal in Sources */ = {isa = PBXBuildFile; fileRef = CC78D71E1E43B72300B7C0DA /* BezierShaders.metal */; };
		CC851CD51E1282770083268F /* PointsRenderable.swift in Sources */ = {isa = PBXBuildFile; fileRef = CC851CD21E1282770083268F /* PointsRenderable.swift */; };
		CC851CD61E1282770083268F /* PointsRenderable.swift in Sources */ = {isa = PBXBuildFile; fileRef = CC851CD21E1282770083268F /* PointsRenderable.swift */; };
		CC851CD71E1282770083268F /* PointsRenderer.swift in Sources */ = {isa = PBXBuildFile; fileRef = CC851CD31E1282770083268F /* PointsRenderer.swift */; };
		CC851CD81E1282770083268F /* PointsRenderer.swift in Sources */ = {isa = PBXBuildFile; fileRef = CC851CD31E1282770083268F /* PointsRenderer.swift */; };
		CC851CD91E1282770083268F /* PointsShaders.metal in Sources */ = {isa = PBXBuildFile; fileRef = CC851CD41E1282770083268F /* PointsShaders.metal */; };
		CC851CDA1E1282770083268F /* PointsShaders.metal in Sources */ = {isa = PBXBuildFile; fileRef = CC851CD41E1282770083268F /* PointsShaders.metal */; };
		CC851CDC1E1297380083268F /* Particle.png in Resources */ = {isa = PBXBuildFile; fileRef = CC851CDB1E1297380083268F /* Particle.png */; };
		CC851CDD1E1297380083268F /* Particle.png in Resources */ = {isa = PBXBuildFile; fileRef = CC851CDB1E1297380083268F /* Particle.png */; };
		CC851CDF1E12F8AD0083268F /* Sequence+Z.swift in Sources */ = {isa = PBXBuildFile; fileRef = CC851CDE1E12F8AD0083268F /* Sequence+Z.swift */; };
		CC851CE01E12F8AD0083268F /* Sequence+Z.swift in Sources */ = {isa = PBXBuildFile; fileRef = CC851CDE1E12F8AD0083268F /* Sequence+Z.swift */; };
		CC851CEA1E135C770083268F /* Canvas.swift in Sources */ = {isa = PBXBuildFile; fileRef = CC851CE91E135C770083268F /* Canvas.swift */; };
		CC851CEB1E135C770083268F /* Canvas.swift in Sources */ = {isa = PBXBuildFile; fileRef = CC851CE91E135C770083268F /* Canvas.swift */; };
		CC851CED1E135CF30083268F /* CanvasLayer.swift in Sources */ = {isa = PBXBuildFile; fileRef = CC851CEC1E135CF30083268F /* CanvasLayer.swift */; };
		CC851CEE1E135CF30083268F /* CanvasLayer.swift in Sources */ = {isa = PBXBuildFile; fileRef = CC851CEC1E135CF30083268F /* CanvasLayer.swift */; };
		CC851CF01E1366170083268F /* SampleCanvas.swift in Sources */ = {isa = PBXBuildFile; fileRef = CC851CEF1E1366170083268F /* SampleCanvas.swift */; };
		CC851CF11E1366170083268F /* SampleCanvas.swift in Sources */ = {isa = PBXBuildFile; fileRef = CC851CEF1E1366170083268F /* SampleCanvas.swift */; };
		CC851CF31E1366540083268F /* SampleCanvasBackdropLayer.swift in Sources */ = {isa = PBXBuildFile; fileRef = CC851CF21E1366540083268F /* SampleCanvasBackdropLayer.swift */; };
		CC851CF41E1366540083268F /* SampleCanvasBackdropLayer.swift in Sources */ = {isa = PBXBuildFile; fileRef = CC851CF21E1366540083268F /* SampleCanvasBackdropLayer.swift */; };
		CC851CFF1E13A4100083268F /* MTLTexture+Z.swift in Sources */ = {isa = PBXBuildFile; fileRef = CC851CFE1E13A4100083268F /* MTLTexture+Z.swift */; };
		CC851D001E13A4100083268F /* MTLTexture+Z.swift in Sources */ = {isa = PBXBuildFile; fileRef = CC851CFE1E13A4100083268F /* MTLTexture+Z.swift */; };
		CC8D58F41E523F2600BD42A1 /* test.png in Resources */ = {isa = PBXBuildFile; fileRef = CC8D58F31E523F2600BD42A1 /* test.png */; };
		CC8D58F51E523F2600BD42A1 /* test.png in Resources */ = {isa = PBXBuildFile; fileRef = CC8D58F31E523F2600BD42A1 /* test.png */; };
		CCADFADE1E211EBB00ECB9D0 /* BezierRenderer.swift in Sources */ = {isa = PBXBuildFile; fileRef = CCADFADD1E211EBB00ECB9D0 /* BezierRenderer.swift */; };
		CCADFADF1E211EBB00ECB9D0 /* BezierRenderer.swift in Sources */ = {isa = PBXBuildFile; fileRef = CCADFADD1E211EBB00ECB9D0 /* BezierRenderer.swift */; };
		CCAF8F111E63F6BA000ECD48 /* SampleCanvasViewController.swift in Sources */ = {isa = PBXBuildFile; fileRef = CCAF8F101E63F6BA000ECD48 /* SampleCanvasViewController.swift */; };
		CCAF8F121E63F6BA000ECD48 /* SampleCanvasViewController.swift in Sources */ = {isa = PBXBuildFile; fileRef = CCAF8F101E63F6BA000ECD48 /* SampleCanvasViewController.swift */; };
		CCAF8F141E63FE13000ECD48 /* Grid.png in Resources */ = {isa = PBXBuildFile; fileRef = CCAF8F131E63FE13000ECD48 /* Grid.png */; };
		CCAF8F151E63FE13000ECD48 /* Grid.png in Resources */ = {isa = PBXBuildFile; fileRef = CCAF8F131E63FE13000ECD48 /* Grid.png */; };
		CCB11D9B1E24C65300F30482 /* MTLDevice+Z.swift in Sources */ = {isa = PBXBuildFile; fileRef = CCB11D9A1E24C65300F30482 /* MTLDevice+Z.swift */; };
		CCB11D9C1E24C67400F30482 /* MTLDevice+Z.swift in Sources */ = {isa = PBXBuildFile; fileRef = CCB11D9A1E24C65300F30482 /* MTLDevice+Z.swift */; };
		CCE0395C1E434E2E00B58AFA /* Float16.swift in Sources */ = {isa = PBXBuildFile; fileRef = CCE0395B1E434E2D00B58AFA /* Float16.swift */; };
		CCE9FE2C1E5953FC002603BC /* PatternShaders.metal in Sources */ = {isa = PBXBuildFile; fileRef = CCE9FE2B1E5953FC002603BC /* PatternShaders.metal */; };
		CCE9FE2D1E5953FC002603BC /* PatternShaders.metal in Sources */ = {isa = PBXBuildFile; fileRef = CCE9FE2B1E5953FC002603BC /* PatternShaders.metal */; };
		CCE9FE2E1E595544002603BC /* Particle-w.png in Resources */ = {isa = PBXBuildFile; fileRef = CC0FD5EC1E4BA65A00D3970A /* Particle-w.png */; };
		CCE9FE2F1E595547002603BC /* Particle-b.png in Resources */ = {isa = PBXBuildFile; fileRef = CC0FD5EB1E4BA65A00D3970A /* Particle-b.png */; };
		CCE9FE311E595F2B002603BC /* PatternRenderer.swift in Sources */ = {isa = PBXBuildFile; fileRef = CCE9FE301E595F2B002603BC /* PatternRenderer.swift */; };
		CCE9FE321E595F2B002603BC /* PatternRenderer.swift in Sources */ = {isa = PBXBuildFile; fileRef = CCE9FE301E595F2B002603BC /* PatternRenderer.swift */; };
		CCE9FE341E596A3F002603BC /* PencilTexture-2.png in Resources */ = {isa = PBXBuildFile; fileRef = CCE9FE331E596A3F002603BC /* PencilTexture-2.png */; };
		CCE9FE351E596A3F002603BC /* PencilTexture-2.png in Resources */ = {isa = PBXBuildFile; fileRef = CCE9FE331E596A3F002603BC /* PencilTexture-2.png */; };
		CCE9FE371E596A51002603BC /* PencilTexture-1.png in Resources */ = {isa = PBXBuildFile; fileRef = CCE9FE361E596A51002603BC /* PencilTexture-1.png */; };
		CCE9FE381E596A51002603BC /* PencilTexture-1.png in Resources */ = {isa = PBXBuildFile; fileRef = CCE9FE361E596A51002603BC /* PencilTexture-1.png */; };
		CCF3495B1E0F996F00EF1312 /* AppDelegate.swift in Sources */ = {isa = PBXBuildFile; fileRef = CCF3495A1E0F996F00EF1312 /* AppDelegate.swift */; };
		CCF349601E0F996F00EF1312 /* Main.storyboard in Resources */ = {isa = PBXBuildFile; fileRef = CCF3495E1E0F996F00EF1312 /* Main.storyboard */; };
		CCF349621E0F996F00EF1312 /* Assets.xcassets in Resources */ = {isa = PBXBuildFile; fileRef = CCF349611E0F996F00EF1312 /* Assets.xcassets */; };
		CCF349651E0F996F00EF1312 /* LaunchScreen.storyboard in Resources */ = {isa = PBXBuildFile; fileRef = CCF349631E0F996F00EF1312 /* LaunchScreen.storyboard */; };
		CCF349711E0F999400EF1312 /* AppDelegate.swift in Sources */ = {isa = PBXBuildFile; fileRef = CCF349701E0F999400EF1312 /* AppDelegate.swift */; };
		CCF349751E0F999400EF1312 /* Assets.xcassets in Resources */ = {isa = PBXBuildFile; fileRef = CCF349741E0F999400EF1312 /* Assets.xcassets */; };
		CCF349781E0F999400EF1312 /* Main.storyboard in Resources */ = {isa = PBXBuildFile; fileRef = CCF349761E0F999400EF1312 /* Main.storyboard */; };
		CCF3498B1E0F9A0300EF1312 /* CoreGraphics+Z.swift in Sources */ = {isa = PBXBuildFile; fileRef = CCF3497F1E0F9A0300EF1312 /* CoreGraphics+Z.swift */; };
		CCF3498C1E0F9A0300EF1312 /* CoreGraphics+Z.swift in Sources */ = {isa = PBXBuildFile; fileRef = CCF3497F1E0F9A0300EF1312 /* CoreGraphics+Z.swift */; };
		CCF3498D1E0F9A0300EF1312 /* GeoUtils.swift in Sources */ = {isa = PBXBuildFile; fileRef = CCF349801E0F9A0300EF1312 /* GeoUtils.swift */; };
		CCF3498E1E0F9A0300EF1312 /* GeoUtils.swift in Sources */ = {isa = PBXBuildFile; fileRef = CCF349801E0F9A0300EF1312 /* GeoUtils.swift */; };
		CCF3498F1E0F9A0300EF1312 /* Renderable.swift in Sources */ = {isa = PBXBuildFile; fileRef = CCF349811E0F9A0300EF1312 /* Renderable.swift */; };
		CCF349901E0F9A0300EF1312 /* Renderable.swift in Sources */ = {isa = PBXBuildFile; fileRef = CCF349811E0F9A0300EF1312 /* Renderable.swift */; };
		CCF349911E0F9A0300EF1312 /* Scene.swift in Sources */ = {isa = PBXBuildFile; fileRef = CCF349821E0F9A0300EF1312 /* Scene.swift */; };
		CCF349921E0F9A0300EF1312 /* Scene.swift in Sources */ = {isa = PBXBuildFile; fileRef = CCF349821E0F9A0300EF1312 /* Scene.swift */; };
		CCF349931E0F9A0300EF1312 /* RenderContext.swift in Sources */ = {isa = PBXBuildFile; fileRef = CCF349831E0F9A0300EF1312 /* RenderContext.swift */; };
		CCF349941E0F9A0300EF1312 /* RenderContext.swift in Sources */ = {isa = PBXBuildFile; fileRef = CCF349831E0F9A0300EF1312 /* RenderContext.swift */; };
		CCF349951E0F9A0300EF1312 /* Renderer.swift in Sources */ = {isa = PBXBuildFile; fileRef = CCF349841E0F9A0300EF1312 /* Renderer.swift */; };
		CCF349961E0F9A0300EF1312 /* Renderer.swift in Sources */ = {isa = PBXBuildFile; fileRef = CCF349841E0F9A0300EF1312 /* Renderer.swift */; };
		CCF349971E0F9A0300EF1312 /* RenderView.swift in Sources */ = {isa = PBXBuildFile; fileRef = CCF349851E0F9A0300EF1312 /* RenderView.swift */; };
		CCF349981E0F9A0300EF1312 /* RenderView.swift in Sources */ = {isa = PBXBuildFile; fileRef = CCF349851E0F9A0300EF1312 /* RenderView.swift */; };
		CCF349A11E0F9A0300EF1312 /* VertexBuffer.swift in Sources */ = {isa = PBXBuildFile; fileRef = CCF3498A1E0F9A0300EF1312 /* VertexBuffer.swift */; };
		CCF349A21E0F9A0300EF1312 /* VertexBuffer.swift in Sources */ = {isa = PBXBuildFile; fileRef = CCF3498A1E0F9A0300EF1312 /* VertexBuffer.swift */; };
		CCF349A41E0F9A2B00EF1312 /* CrossPlatform.swift in Sources */ = {isa = PBXBuildFile; fileRef = CCF349A31E0F9A2B00EF1312 /* CrossPlatform.swift */; };
		CCF349A51E0F9A2B00EF1312 /* CrossPlatform.swift in Sources */ = {isa = PBXBuildFile; fileRef = CCF349A31E0F9A2B00EF1312 /* CrossPlatform.swift */; };
		CCF349A71E0F9D9700EF1312 /* RenderContentView.swift in Sources */ = {isa = PBXBuildFile; fileRef = CCF349A61E0F9D9700EF1312 /* RenderContentView.swift */; };
		CCF349A81E0F9D9700EF1312 /* RenderContentView.swift in Sources */ = {isa = PBXBuildFile; fileRef = CCF349A61E0F9D9700EF1312 /* RenderContentView.swift */; };
		CCF349AA1E0F9F5100EF1312 /* RenderDrawView.swift in Sources */ = {isa = PBXBuildFile; fileRef = CCF349A91E0F9F5100EF1312 /* RenderDrawView.swift */; };
		CCF349AB1E0F9F5100EF1312 /* RenderDrawView.swift in Sources */ = {isa = PBXBuildFile; fileRef = CCF349A91E0F9F5100EF1312 /* RenderDrawView.swift */; };
		CCF349B01E0FA19100EF1312 /* XView+Z.swift in Sources */ = {isa = PBXBuildFile; fileRef = CCF349AF1E0FA19100EF1312 /* XView+Z.swift */; };
		CCF349B11E0FA19100EF1312 /* XView+Z.swift in Sources */ = {isa = PBXBuildFile; fileRef = CCF349AF1E0FA19100EF1312 /* XView+Z.swift */; };
		CCF349B41E0FABB400EF1312 /* SampleScene.swift in Sources */ = {isa = PBXBuildFile; fileRef = CCF349B31E0FABB400EF1312 /* SampleScene.swift */; };
		CCF349B51E0FABB400EF1312 /* SampleScene.swift in Sources */ = {isa = PBXBuildFile; fileRef = CCF349B31E0FABB400EF1312 /* SampleScene.swift */; };
		CCF349B91E0FBEA900EF1312 /* ColorRenderable.swift in Sources */ = {isa = PBXBuildFile; fileRef = CCF349B61E0FBEA900EF1312 /* ColorRenderable.swift */; };
		CCF349BA1E0FBEA900EF1312 /* ColorRenderable.swift in Sources */ = {isa = PBXBuildFile; fileRef = CCF349B61E0FBEA900EF1312 /* ColorRenderable.swift */; };
		CCF349BB1E0FBEA900EF1312 /* ColorRenderer.swift in Sources */ = {isa = PBXBuildFile; fileRef = CCF349B71E0FBEA900EF1312 /* ColorRenderer.swift */; };
		CCF349BC1E0FBEA900EF1312 /* ColorRenderer.swift in Sources */ = {isa = PBXBuildFile; fileRef = CCF349B71E0FBEA900EF1312 /* ColorRenderer.swift */; };
		CCF349BD1E0FBEA900EF1312 /* ColorShaders.metal in Sources */ = {isa = PBXBuildFile; fileRef = CCF349B81E0FBEA900EF1312 /* ColorShaders.metal */; };
		CCF349BE1E0FBEA900EF1312 /* ColorShaders.metal in Sources */ = {isa = PBXBuildFile; fileRef = CCF349B81E0FBEA900EF1312 /* ColorShaders.metal */; };
		CCF349C01E0FF1E400EF1312 /* SampleSceneViewController.swift in Sources */ = {isa = PBXBuildFile; fileRef = CCF349BF1E0FF1E400EF1312 /* SampleSceneViewController.swift */; };
		CCF349C11E0FF1E400EF1312 /* SampleSceneViewController.swift in Sources */ = {isa = PBXBuildFile; fileRef = CCF349BF1E0FF1E400EF1312 /* SampleSceneViewController.swift */; };
/* End PBXBuildFile section */

/* Begin PBXFileReference section */
		CC0FD5EB1E4BA65A00D3970A /* Particle-b.png */ = {isa = PBXFileReference; lastKnownFileType = image.png; path = "Particle-b.png"; sourceTree = "<group>"; };
		CC0FD5EC1E4BA65A00D3970A /* Particle-w.png */ = {isa = PBXFileReference; lastKnownFileType = image.png; path = "Particle-w.png"; sourceTree = "<group>"; };
		CC0FD5EF1E4BA73000D3970A /* Pencil.png */ = {isa = PBXFileReference; lastKnownFileType = image.png; name = Pencil.png; path = ../Shared/Pencil.png; sourceTree = "<group>"; };
		CC1F2F2C1E1151180097B223 /* ImageRenderable.swift */ = {isa = PBXFileReference; fileEncoding = 4; lastKnownFileType = sourcecode.swift; lineEnding = 0; path = ImageRenderable.swift; sourceTree = "<group>"; xcLanguageSpecificationIdentifier = xcode.lang.swift; };
		CC1F2F2D1E1151180097B223 /* ImageRenderer.swift */ = {isa = PBXFileReference; fileEncoding = 4; lastKnownFileType = sourcecode.swift; lineEnding = 0; path = ImageRenderer.swift; sourceTree = "<group>"; xcLanguageSpecificationIdentifier = xcode.lang.swift; };
		CC1F2F2E1E1151180097B223 /* ImageShaders.metal */ = {isa = PBXFileReference; fileEncoding = 4; lastKnownFileType = sourcecode.metal; path = ImageShaders.metal; sourceTree = "<group>"; };
		CC1F2F351E1152710097B223 /* BlueMarble.png */ = {isa = PBXFileReference; lastKnownFileType = image.png; path = BlueMarble.png; sourceTree = "<group>"; };
		CC50D76B1E593F67005A069B /* RenderCanvasContext.swift */ = {isa = PBXFileReference; fileEncoding = 4; lastKnownFileType = sourcecode.swift; path = RenderCanvasContext.swift; sourceTree = "<group>"; };
		CC54295C1E14EF3900C1929E /* SampleCanvasScribbleLayer.swift */ = {isa = PBXFileReference; fileEncoding = 4; lastKnownFileType = sourcecode.swift; path = SampleCanvasScribbleLayer.swift; sourceTree = "<group>"; };
		CC78D7181E436D9F00B7C0DA /* Kernel.swift */ = {isa = PBXFileReference; fileEncoding = 4; lastKnownFileType = sourcecode.swift; path = Kernel.swift; sourceTree = "<group>"; };
		CC78D71B1E43832C00B7C0DA /* CGPath+Z.swift */ = {isa = PBXFileReference; fileEncoding = 4; lastKnownFileType = sourcecode.swift; path = "CGPath+Z.swift"; sourceTree = "<group>"; };
		CC78D71E1E43B72300B7C0DA /* BezierShaders.metal */ = {isa = PBXFileReference; fileEncoding = 4; lastKnownFileType = sourcecode.metal; path = BezierShaders.metal; sourceTree = "<group>"; };
		CC851CD21E1282770083268F /* PointsRenderable.swift */ = {isa = PBXFileReference; fileEncoding = 4; lastKnownFileType = sourcecode.swift; path = PointsRenderable.swift; sourceTree = "<group>"; };
		CC851CD31E1282770083268F /* PointsRenderer.swift */ = {isa = PBXFileReference; fileEncoding = 4; lastKnownFileType = sourcecode.swift; lineEnding = 0; path = PointsRenderer.swift; sourceTree = "<group>"; xcLanguageSpecificationIdentifier = xcode.lang.swift; };
		CC851CD41E1282770083268F /* PointsShaders.metal */ = {isa = PBXFileReference; fileEncoding = 4; lastKnownFileType = sourcecode.metal; lineEnding = 0; path = PointsShaders.metal; sourceTree = "<group>"; xcLanguageSpecificationIdentifier = xcode.lang.metal; };
		CC851CDB1E1297380083268F /* Particle.png */ = {isa = PBXFileReference; lastKnownFileType = image.png; path = Particle.png; sourceTree = "<group>"; };
		CC851CDE1E12F8AD0083268F /* Sequence+Z.swift */ = {isa = PBXFileReference; fileEncoding = 4; lastKnownFileType = sourcecode.swift; path = "Sequence+Z.swift"; sourceTree = "<group>"; };
		CC851CE91E135C770083268F /* Canvas.swift */ = {isa = PBXFileReference; fileEncoding = 4; lastKnownFileType = sourcecode.swift; path = Canvas.swift; sourceTree = "<group>"; };
		CC851CEC1E135CF30083268F /* CanvasLayer.swift */ = {isa = PBXFileReference; fileEncoding = 4; lastKnownFileType = sourcecode.swift; path = CanvasLayer.swift; sourceTree = "<group>"; };
		CC851CEF1E1366170083268F /* SampleCanvas.swift */ = {isa = PBXFileReference; fileEncoding = 4; lastKnownFileType = sourcecode.swift; path = SampleCanvas.swift; sourceTree = "<group>"; };
		CC851CF21E1366540083268F /* SampleCanvasBackdropLayer.swift */ = {isa = PBXFileReference; fileEncoding = 4; lastKnownFileType = sourcecode.swift; path = SampleCanvasBackdropLayer.swift; sourceTree = "<group>"; };
		CC851CFE1E13A4100083268F /* MTLTexture+Z.swift */ = {isa = PBXFileReference; fileEncoding = 4; lastKnownFileType = sourcecode.swift; path = "MTLTexture+Z.swift"; sourceTree = "<group>"; };
		CC8D58F31E523F2600BD42A1 /* test.png */ = {isa = PBXFileReference; lastKnownFileType = image.png; path = test.png; sourceTree = "<group>"; };
		CCADFADD1E211EBB00ECB9D0 /* BezierRenderer.swift */ = {isa = PBXFileReference; fileEncoding = 4; lastKnownFileType = sourcecode.swift; path = BezierRenderer.swift; sourceTree = "<group>"; };
		CCAF8F101E63F6BA000ECD48 /* SampleCanvasViewController.swift */ = {isa = PBXFileReference; fileEncoding = 4; lastKnownFileType = sourcecode.swift; path = SampleCanvasViewController.swift; sourceTree = "<group>"; };
		CCAF8F131E63FE13000ECD48 /* Grid.png */ = {isa = PBXFileReference; lastKnownFileType = image.png; path = Grid.png; sourceTree = "<group>"; };
		CCB11D9A1E24C65300F30482 /* MTLDevice+Z.swift */ = {isa = PBXFileReference; fileEncoding = 4; lastKnownFileType = sourcecode.swift; path = "MTLDevice+Z.swift"; sourceTree = "<group>"; };
		CCE0395B1E434E2D00B58AFA /* Float16.swift */ = {isa = PBXFileReference; fileEncoding = 4; lastKnownFileType = sourcecode.swift; path = Float16.swift; sourceTree = "<group>"; };
		CCE9FE2B1E5953FC002603BC /* PatternShaders.metal */ = {isa = PBXFileReference; fileEncoding = 4; lastKnownFileType = sourcecode.metal; path = PatternShaders.metal; sourceTree = "<group>"; };
		CCE9FE301E595F2B002603BC /* PatternRenderer.swift */ = {isa = PBXFileReference; fileEncoding = 4; lastKnownFileType = sourcecode.swift; path = PatternRenderer.swift; sourceTree = "<group>"; };
		CCE9FE331E596A3F002603BC /* PencilTexture-2.png */ = {isa = PBXFileReference; lastKnownFileType = image.png; path = "PencilTexture-2.png"; sourceTree = "<group>"; };
		CCE9FE361E596A51002603BC /* PencilTexture-1.png */ = {isa = PBXFileReference; lastKnownFileType = image.png; path = "PencilTexture-1.png"; sourceTree = "<group>"; };
		CCF349571E0F996F00EF1312 /* SilvershadowApp_ios.app */ = {isa = PBXFileReference; explicitFileType = wrapper.application; includeInIndex = 0; path = SilvershadowApp_ios.app; sourceTree = BUILT_PRODUCTS_DIR; };
		CCF3495A1E0F996F00EF1312 /* AppDelegate.swift */ = {isa = PBXFileReference; lastKnownFileType = sourcecode.swift; path = AppDelegate.swift; sourceTree = "<group>"; };
		CCF3495F1E0F996F00EF1312 /* Base */ = {isa = PBXFileReference; lastKnownFileType = file.storyboard; name = Base; path = Base.lproj/Main.storyboard; sourceTree = "<group>"; };
		CCF349611E0F996F00EF1312 /* Assets.xcassets */ = {isa = PBXFileReference; lastKnownFileType = folder.assetcatalog; path = Assets.xcassets; sourceTree = "<group>"; };
		CCF349641E0F996F00EF1312 /* Base */ = {isa = PBXFileReference; lastKnownFileType = file.storyboard; name = Base; path = Base.lproj/LaunchScreen.storyboard; sourceTree = "<group>"; };
		CCF349661E0F996F00EF1312 /* Info.plist */ = {isa = PBXFileReference; lastKnownFileType = text.plist.xml; path = Info.plist; sourceTree = "<group>"; };
		CCF3496E1E0F999400EF1312 /* SilvershadowApp_mac.app */ = {isa = PBXFileReference; explicitFileType = wrapper.application; includeInIndex = 0; path = SilvershadowApp_mac.app; sourceTree = BUILT_PRODUCTS_DIR; };
		CCF349701E0F999400EF1312 /* AppDelegate.swift */ = {isa = PBXFileReference; lastKnownFileType = sourcecode.swift; path = AppDelegate.swift; sourceTree = "<group>"; };
		CCF349741E0F999400EF1312 /* Assets.xcassets */ = {isa = PBXFileReference; lastKnownFileType = folder.assetcatalog; path = Assets.xcassets; sourceTree = "<group>"; };
		CCF349771E0F999400EF1312 /* Base */ = {isa = PBXFileReference; lastKnownFileType = file.storyboard; name = Base; path = Base.lproj/Main.storyboard; sourceTree = "<group>"; };
		CCF349791E0F999400EF1312 /* Info.plist */ = {isa = PBXFileReference; lastKnownFileType = text.plist.xml; path = Info.plist; sourceTree = "<group>"; };
		CCF3497F1E0F9A0300EF1312 /* CoreGraphics+Z.swift */ = {isa = PBXFileReference; fileEncoding = 4; lastKnownFileType = sourcecode.swift; path = "CoreGraphics+Z.swift"; sourceTree = "<group>"; };
		CCF349801E0F9A0300EF1312 /* GeoUtils.swift */ = {isa = PBXFileReference; fileEncoding = 4; lastKnownFileType = sourcecode.swift; lineEnding = 0; path = GeoUtils.swift; sourceTree = "<group>"; xcLanguageSpecificationIdentifier = xcode.lang.swift; };
		CCF349811E0F9A0300EF1312 /* Renderable.swift */ = {isa = PBXFileReference; fileEncoding = 4; lastKnownFileType = sourcecode.swift; lineEnding = 0; path = Renderable.swift; sourceTree = "<group>"; xcLanguageSpecificationIdentifier = xcode.lang.swift; };
		CCF349821E0F9A0300EF1312 /* Scene.swift */ = {isa = PBXFileReference; fileEncoding = 4; lastKnownFileType = sourcecode.swift; lineEnding = 0; path = Scene.swift; sourceTree = "<group>"; xcLanguageSpecificationIdentifier = xcode.lang.swift; };
		CCF349831E0F9A0300EF1312 /* RenderContext.swift */ = {isa = PBXFileReference; fileEncoding = 4; lastKnownFileType = sourcecode.swift; lineEnding = 0; path = RenderContext.swift; sourceTree = "<group>"; xcLanguageSpecificationIdentifier = xcode.lang.swift; };
		CCF349841E0F9A0300EF1312 /* Renderer.swift */ = {isa = PBXFileReference; fileEncoding = 4; lastKnownFileType = sourcecode.swift; lineEnding = 0; path = Renderer.swift; sourceTree = "<group>"; xcLanguageSpecificationIdentifier = xcode.lang.swift; };
		CCF349851E0F9A0300EF1312 /* RenderView.swift */ = {isa = PBXFileReference; fileEncoding = 4; lastKnownFileType = sourcecode.swift; lineEnding = 0; path = RenderView.swift; sourceTree = "<group>"; xcLanguageSpecificationIdentifier = xcode.lang.swift; };
		CCF3498A1E0F9A0300EF1312 /* VertexBuffer.swift */ = {isa = PBXFileReference; fileEncoding = 4; lastKnownFileType = sourcecode.swift; lineEnding = 0; path = VertexBuffer.swift; sourceTree = "<group>"; xcLanguageSpecificationIdentifier = xcode.lang.swift; };
		CCF349A31E0F9A2B00EF1312 /* CrossPlatform.swift */ = {isa = PBXFileReference; fileEncoding = 4; lastKnownFileType = sourcecode.swift; path = CrossPlatform.swift; sourceTree = "<group>"; };
		CCF349A61E0F9D9700EF1312 /* RenderContentView.swift */ = {isa = PBXFileReference; fileEncoding = 4; lastKnownFileType = sourcecode.swift; lineEnding = 0; path = RenderContentView.swift; sourceTree = "<group>"; xcLanguageSpecificationIdentifier = xcode.lang.swift; };
		CCF349A91E0F9F5100EF1312 /* RenderDrawView.swift */ = {isa = PBXFileReference; fileEncoding = 4; lastKnownFileType = sourcecode.swift; lineEnding = 0; path = RenderDrawView.swift; sourceTree = "<group>"; xcLanguageSpecificationIdentifier = xcode.lang.swift; };
		CCF349AF1E0FA19100EF1312 /* XView+Z.swift */ = {isa = PBXFileReference; fileEncoding = 4; lastKnownFileType = sourcecode.swift; path = "XView+Z.swift"; sourceTree = "<group>"; };
		CCF349B31E0FABB400EF1312 /* SampleScene.swift */ = {isa = PBXFileReference; fileEncoding = 4; lastKnownFileType = sourcecode.swift; path = SampleScene.swift; sourceTree = "<group>"; };
		CCF349B61E0FBEA900EF1312 /* ColorRenderable.swift */ = {isa = PBXFileReference; fileEncoding = 4; lastKnownFileType = sourcecode.swift; lineEnding = 0; path = ColorRenderable.swift; sourceTree = "<group>"; xcLanguageSpecificationIdentifier = xcode.lang.swift; };
		CCF349B71E0FBEA900EF1312 /* ColorRenderer.swift */ = {isa = PBXFileReference; fileEncoding = 4; lastKnownFileType = sourcecode.swift; lineEnding = 0; path = ColorRenderer.swift; sourceTree = "<group>"; xcLanguageSpecificationIdentifier = xcode.lang.swift; };
		CCF349B81E0FBEA900EF1312 /* ColorShaders.metal */ = {isa = PBXFileReference; fileEncoding = 4; lastKnownFileType = sourcecode.metal; lineEnding = 0; path = ColorShaders.metal; sourceTree = "<group>"; xcLanguageSpecificationIdentifier = xcode.lang.metal; };
		CCF349BF1E0FF1E400EF1312 /* SampleSceneViewController.swift */ = {isa = PBXFileReference; fileEncoding = 4; lastKnownFileType = sourcecode.swift; path = SampleSceneViewController.swift; sourceTree = "<group>"; };
/* End PBXFileReference section */

/* Begin PBXFrameworksBuildPhase section */
		CCF349541E0F996F00EF1312 /* Frameworks */ = {
			isa = PBXFrameworksBuildPhase;
			buildActionMask = 2147483647;
			files = (
			);
			runOnlyForDeploymentPostprocessing = 0;
		};
		CCF3496B1E0F999400EF1312 /* Frameworks */ = {
			isa = PBXFrameworksBuildPhase;
			buildActionMask = 2147483647;
			files = (
			);
			runOnlyForDeploymentPostprocessing = 0;
		};
/* End PBXFrameworksBuildPhase section */

/* Begin PBXGroup section */
		CC0664AD1E2090CA0054E445 /* Kernels */ = {
			isa = PBXGroup;
			children = (
				CC78D71E1E43B72300B7C0DA /* BezierShaders.metal */,
				CCADFADD1E211EBB00ECB9D0 /* BezierRenderer.swift */,
				CC78D7181E436D9F00B7C0DA /* Kernel.swift */,
			);
			name = Kernels;
			sourceTree = "<group>";
		};
		CCF3494C1E0F994000EF1312 = {
			isa = PBXGroup;
			children = (
				CCF3497E1E0F99C300EF1312 /* Silvershadow */,
				CCF349B21E0FABA200EF1312 /* Shared */,
				CCF349591E0F996F00EF1312 /* SilvershadowApp_ios */,
				CCF3496F1E0F999400EF1312 /* SilvershadowApp_mac */,
				CCF349581E0F996F00EF1312 /* Products */,
			);
			sourceTree = "<group>";
		};
		CCF349581E0F996F00EF1312 /* Products */ = {
			isa = PBXGroup;
			children = (
				CCF349571E0F996F00EF1312 /* SilvershadowApp_ios.app */,
				CCF3496E1E0F999400EF1312 /* SilvershadowApp_mac.app */,
			);
			name = Products;
			sourceTree = "<group>";
		};
		CCF349591E0F996F00EF1312 /* SilvershadowApp_ios */ = {
			isa = PBXGroup;
			children = (
				CCF3495A1E0F996F00EF1312 /* AppDelegate.swift */,
				CCF349611E0F996F00EF1312 /* Assets.xcassets */,
				CCF349661E0F996F00EF1312 /* Info.plist */,
				CCF349631E0F996F00EF1312 /* LaunchScreen.storyboard */,
				CCF3495E1E0F996F00EF1312 /* Main.storyboard */,
			);
			path = SilvershadowApp_ios;
			sourceTree = "<group>";
		};
		CCF3496F1E0F999400EF1312 /* SilvershadowApp_mac */ = {
			isa = PBXGroup;
			children = (
				CCF349701E0F999400EF1312 /* AppDelegate.swift */,
				CCF349741E0F999400EF1312 /* Assets.xcassets */,
				CCF349791E0F999400EF1312 /* Info.plist */,
				CCF349761E0F999400EF1312 /* Main.storyboard */,
			);
			path = SilvershadowApp_mac;
			sourceTree = "<group>";
		};
		CCF3497E1E0F99C300EF1312 /* Silvershadow */ = {
			isa = PBXGroup;
			children = (
				CC851CE91E135C770083268F /* Canvas.swift */,
				CC851CEC1E135CF30083268F /* CanvasLayer.swift */,
				CC78D71B1E43832C00B7C0DA /* CGPath+Z.swift */,
				CCF349B61E0FBEA900EF1312 /* ColorRenderable.swift */,
				CCF349B71E0FBEA900EF1312 /* ColorRenderer.swift */,
				CCF349B81E0FBEA900EF1312 /* ColorShaders.metal */,
				CCF3497F1E0F9A0300EF1312 /* CoreGraphics+Z.swift */,
				CCF349A31E0F9A2B00EF1312 /* CrossPlatform.swift */,
				CCE0395B1E434E2D00B58AFA /* Float16.swift */,
				CCF349801E0F9A0300EF1312 /* GeoUtils.swift */,
				CC1F2F2C1E1151180097B223 /* ImageRenderable.swift */,
				CC1F2F2D1E1151180097B223 /* ImageRenderer.swift */,
				CC1F2F2E1E1151180097B223 /* ImageShaders.metal */,
				CC0664AD1E2090CA0054E445 /* Kernels */,
				CCB11D9A1E24C65300F30482 /* MTLDevice+Z.swift */,
				CC851CFE1E13A4100083268F /* MTLTexture+Z.swift */,
				CCE9FE301E595F2B002603BC /* PatternRenderer.swift */,
				CCE9FE2B1E5953FC002603BC /* PatternShaders.metal */,
				CC0FD5EF1E4BA73000D3970A /* Pencil.png */,
				CC851CD21E1282770083268F /* PointsRenderable.swift */,
				CC851CD31E1282770083268F /* PointsRenderer.swift */,
				CC851CD41E1282770083268F /* PointsShaders.metal */,
				CCF349811E0F9A0300EF1312 /* Renderable.swift */,
				CC50D76B1E593F67005A069B /* RenderCanvasContext.swift */,
				CCF349A61E0F9D9700EF1312 /* RenderContentView.swift */,
				CCF349831E0F9A0300EF1312 /* RenderContext.swift */,
				CCF349A91E0F9F5100EF1312 /* RenderDrawView.swift */,
				CCF349841E0F9A0300EF1312 /* Renderer.swift */,
				CCF349851E0F9A0300EF1312 /* RenderView.swift */,
				CCF349821E0F9A0300EF1312 /* Scene.swift */,
				CC851CDE1E12F8AD0083268F /* Sequence+Z.swift */,
				CCF3498A1E0F9A0300EF1312 /* VertexBuffer.swift */,
				CCF349AF1E0FA19100EF1312 /* XView+Z.swift */,
			);
			path = Silvershadow;
			sourceTree = "<group>";
		};
		CCF349B21E0FABA200EF1312 /* Shared */ = {
			isa = PBXGroup;
			children = (
				CCAF8F131E63FE13000ECD48 /* Grid.png */,
				CC0FD5EB1E4BA65A00D3970A /* Particle-b.png */,
				CC0FD5EC1E4BA65A00D3970A /* Particle-w.png */,
				CC1F2F351E1152710097B223 /* BlueMarble.png */,
				CC851CDB1E1297380083268F /* Particle.png */,
				CCE9FE361E596A51002603BC /* PencilTexture-1.png */,
				CCE9FE331E596A3F002603BC /* PencilTexture-2.png */,
				CC8D58F31E523F2600BD42A1 /* test.png */,
				CC851CEF1E1366170083268F /* SampleCanvas.swift */,
				CC851CF21E1366540083268F /* SampleCanvasBackdropLayer.swift */,
				CC54295C1E14EF3900C1929E /* SampleCanvasScribbleLayer.swift */,
				CCF349B31E0FABB400EF1312 /* SampleScene.swift */,
				CCF349BF1E0FF1E400EF1312 /* SampleSceneViewController.swift */,
				CCAF8F101E63F6BA000ECD48 /* SampleCanvasViewController.swift */,
			);
			path = Shared;
			sourceTree = "<group>";
		};
/* End PBXGroup section */

/* Begin PBXNativeTarget section */
		CCF349561E0F996F00EF1312 /* SilvershadowApp_ios */ = {
			isa = PBXNativeTarget;
			buildConfigurationList = CCF349671E0F996F00EF1312 /* Build configuration list for PBXNativeTarget "SilvershadowApp_ios" */;
			buildPhases = (
				CCF349531E0F996F00EF1312 /* Sources */,
				CCF349541E0F996F00EF1312 /* Frameworks */,
				CCF349551E0F996F00EF1312 /* Resources */,
				CCB11D9D1E25230700F30482 /* ShellScript */,
			);
			buildRules = (
			);
			dependencies = (
			);
			name = SilvershadowApp_ios;
			productName = SilvershadowApp_ios;
			productReference = CCF349571E0F996F00EF1312 /* SilvershadowApp_ios.app */;
			productType = "com.apple.product-type.application";
		};
		CCF3496D1E0F999400EF1312 /* SilvershadowApp_mac */ = {
			isa = PBXNativeTarget;
			buildConfigurationList = CCF3497A1E0F999400EF1312 /* Build configuration list for PBXNativeTarget "SilvershadowApp_mac" */;
			buildPhases = (
				CCF3496A1E0F999400EF1312 /* Sources */,
				CCF3496B1E0F999400EF1312 /* Frameworks */,
				CCF3496C1E0F999400EF1312 /* Resources */,
			);
			buildRules = (
			);
			dependencies = (
			);
			name = SilvershadowApp_mac;
			productName = SilvershadowApp_mac;
			productReference = CCF3496E1E0F999400EF1312 /* SilvershadowApp_mac.app */;
			productType = "com.apple.product-type.application";
		};
/* End PBXNativeTarget section */

/* Begin PBXProject section */
		CCF3494D1E0F994000EF1312 /* Project object */ = {
			isa = PBXProject;
			attributes = {
				LastSwiftUpdateCheck = 0820;
				LastUpgradeCheck = 0820;
				ORGANIZATIONNAME = "Electricwoods LLC.";
				TargetAttributes = {
					CCF349561E0F996F00EF1312 = {
						CreatedOnToolsVersion = 8.2.1;
						DevelopmentTeam = 2P97EM4L4N;
						ProvisioningStyle = Automatic;
					};
					CCF3496D1E0F999400EF1312 = {
						CreatedOnToolsVersion = 8.2.1;
						DevelopmentTeam = 2P97EM4L4N;
						ProvisioningStyle = Automatic;
					};
				};
			};
			buildConfigurationList = CCF349501E0F994000EF1312 /* Build configuration list for PBXProject "Silvershadow" */;
			compatibilityVersion = "Xcode 3.2";
			developmentRegion = English;
			hasScannedForEncodings = 0;
			knownRegions = (
				en,
				Base,
			);
			mainGroup = CCF3494C1E0F994000EF1312;
			productRefGroup = CCF349581E0F996F00EF1312 /* Products */;
			projectDirPath = "";
			projectRoot = "";
			targets = (
				CCF349561E0F996F00EF1312 /* SilvershadowApp_ios */,
				CCF3496D1E0F999400EF1312 /* SilvershadowApp_mac */,
			);
		};
/* End PBXProject section */

/* Begin PBXResourcesBuildPhase section */
		CCF349551E0F996F00EF1312 /* Resources */ = {
			isa = PBXResourcesBuildPhase;
			buildActionMask = 2147483647;
			files = (
				CC0FD5ED1E4BA65A00D3970A /* Particle-b.png in Resources */,
				CC1F2F361E1152710097B223 /* BlueMarble.png in Resources */,
				CC8D58F41E523F2600BD42A1 /* test.png in Resources */,
				CCF349651E0F996F00EF1312 /* LaunchScreen.storyboard in Resources */,
				CC0FD5F01E4BA73000D3970A /* Pencil.png in Resources */,
				CC0FD5EE1E4BA65A00D3970A /* Particle-w.png in Resources */,
				CCF349621E0F996F00EF1312 /* Assets.xcassets in Resources */,
				CCE9FE341E596A3F002603BC /* PencilTexture-2.png in Resources */,
				CCF349601E0F996F00EF1312 /* Main.storyboard in Resources */,
				CCAF8F141E63FE13000ECD48 /* Grid.png in Resources */,
				CC851CDC1E1297380083268F /* Particle.png in Resources */,
				CCE9FE371E596A51002603BC /* PencilTexture-1.png in Resources */,
			);
			runOnlyForDeploymentPostprocessing = 0;
		};
		CCF3496C1E0F999400EF1312 /* Resources */ = {
			isa = PBXResourcesBuildPhase;
			buildActionMask = 2147483647;
			files = (
				CCF349751E0F999400EF1312 /* Assets.xcassets in Resources */,
				CC0FD5F11E4BA73000D3970A /* Pencil.png in Resources */,
				CCE9FE351E596A3F002603BC /* PencilTexture-2.png in Resources */,
				CC1F2F371E11527F0097B223 /* BlueMarble.png in Resources */,
				CCAF8F151E63FE13000ECD48 /* Grid.png in Resources */,
				CCE9FE2E1E595544002603BC /* Particle-w.png in Resources */,
				CCE9FE2F1E595547002603BC /* Particle-b.png in Resources */,
				CCF349781E0F999400EF1312 /* Main.storyboard in Resources */,
				CC851CDD1E1297380083268F /* Particle.png in Resources */,
				CCE9FE381E596A51002603BC /* PencilTexture-1.png in Resources */,
				CC8D58F51E523F2600BD42A1 /* test.png in Resources */,
			);
			runOnlyForDeploymentPostprocessing = 0;
		};
/* End PBXResourcesBuildPhase section */

/* Begin PBXShellScriptBuildPhase section */
		CCB11D9D1E25230700F30482 /* ShellScript */ = {
			isa = PBXShellScriptBuildPhase;
			buildActionMask = 2147483647;
			files = (
			);
			inputPaths = (
			);
			outputPaths = (
			);
			runOnlyForDeploymentPostprocessing = 0;
			shellPath = /bin/sh;
			shellScript = " find . -type f -name '*.png' -exec xattr -c {} \\;\n ";
		};
/* End PBXShellScriptBuildPhase section */

/* Begin PBXSourcesBuildPhase section */
		CCF349531E0F996F00EF1312 /* Sources */ = {
			isa = PBXSourcesBuildPhase;
			buildActionMask = 2147483647;
			files = (
				CC851CEA1E135C770083268F /* Canvas.swift in Sources */,
				CCF349951E0F9A0300EF1312 /* Renderer.swift in Sources */,
				CCE9FE2C1E5953FC002603BC /* PatternShaders.metal in Sources */,
				CCF349AA1E0F9F5100EF1312 /* RenderDrawView.swift in Sources */,
				CCF349931E0F9A0300EF1312 /* RenderContext.swift in Sources */,
				CCF349971E0F9A0300EF1312 /* RenderView.swift in Sources */,
				CCF349911E0F9A0300EF1312 /* Scene.swift in Sources */,
				CC851CD91E1282770083268F /* PointsShaders.metal in Sources */,
				CC851CDF1E12F8AD0083268F /* Sequence+Z.swift in Sources */,
				CC851CED1E135CF30083268F /* CanvasLayer.swift in Sources */,
				CC78D71F1E43B72300B7C0DA /* BezierShaders.metal in Sources */,
				CCF349A71E0F9D9700EF1312 /* RenderContentView.swift in Sources */,
				CC50D76C1E593F67005A069B /* RenderCanvasContext.swift in Sources */,
				CC851CF31E1366540083268F /* SampleCanvasBackdropLayer.swift in Sources */,
				CCE0395C1E434E2E00B58AFA /* Float16.swift in Sources */,
				CC1F2F311E1151180097B223 /* ImageShaders.metal in Sources */,
				CCADFADE1E211EBB00ECB9D0 /* BezierRenderer.swift in Sources */,
				CCF349B01E0FA19100EF1312 /* XView+Z.swift in Sources */,
				CCF349A11E0F9A0300EF1312 /* VertexBuffer.swift in Sources */,
				CCF349C01E0FF1E400EF1312 /* SampleSceneViewController.swift in Sources */,
				CCF3498D1E0F9A0300EF1312 /* GeoUtils.swift in Sources */,
				CCF349A41E0F9A2B00EF1312 /* CrossPlatform.swift in Sources */,
				CCF349B41E0FABB400EF1312 /* SampleScene.swift in Sources */,
				CCF3498B1E0F9A0300EF1312 /* CoreGraphics+Z.swift in Sources */,
				CCF349BB1E0FBEA900EF1312 /* ColorRenderer.swift in Sources */,
				CC851CD51E1282770083268F /* PointsRenderable.swift in Sources */,
				CCAF8F111E63F6BA000ECD48 /* SampleCanvasViewController.swift in Sources */,
				CCB11D9B1E24C65300F30482 /* MTLDevice+Z.swift in Sources */,
				CC78D7191E436D9F00B7C0DA /* Kernel.swift in Sources */,
				CC851CF01E1366170083268F /* SampleCanvas.swift in Sources */,
				CC851CFF1E13A4100083268F /* MTLTexture+Z.swift in Sources */,
				CC1F2F2F1E1151180097B223 /* ImageRenderable.swift in Sources */,
				CCF3498F1E0F9A0300EF1312 /* Renderable.swift in Sources */,
				CC78D71C1E43832C00B7C0DA /* CGPath+Z.swift in Sources */,
				CCF3495B1E0F996F00EF1312 /* AppDelegate.swift in Sources */,
				CCF349BD1E0FBEA900EF1312 /* ColorShaders.metal in Sources */,
				CC54295D1E14EF3900C1929E /* SampleCanvasScribbleLayer.swift in Sources */,
				CC1F2F301E1151180097B223 /* ImageRenderer.swift in Sources */,
				CCE9FE311E595F2B002603BC /* PatternRenderer.swift in Sources */,
				CCF349B91E0FBEA900EF1312 /* ColorRenderable.swift in Sources */,
				CC851CD71E1282770083268F /* PointsRenderer.swift in Sources */,
			);
			runOnlyForDeploymentPostprocessing = 0;
		};
		CCF3496A1E0F999400EF1312 /* Sources */ = {
			isa = PBXSourcesBuildPhase;
			buildActionMask = 2147483647;
			files = (
				CC54295E1E14EF3C00C1929E /* SampleCanvasScribbleLayer.swift in Sources */,
				CC851CF41E1366540083268F /* SampleCanvasBackdropLayer.swift in Sources */,
				CCE9FE2D1E5953FC002603BC /* PatternShaders.metal in Sources */,
				CCF349961E0F9A0300EF1312 /* Renderer.swift in Sources */,
				CC851CEE1E135CF30083268F /* CanvasLayer.swift in Sources */,
				CCF349AB1E0F9F5100EF1312 /* RenderDrawView.swift in Sources */,
				CCF349941E0F9A0300EF1312 /* RenderContext.swift in Sources */,
				CCF349981E0F9A0300EF1312 /* RenderView.swift in Sources */,
				CC851CF11E1366170083268F /* SampleCanvas.swift in Sources */,
				CCF349921E0F9A0300EF1312 /* Scene.swift in Sources */,
				CC78D7201E43B72300B7C0DA /* BezierShaders.metal in Sources */,
				CC851CEB1E135C770083268F /* Canvas.swift in Sources */,
				CC50D76D1E593F67005A069B /* RenderCanvasContext.swift in Sources */,
				CCF349A81E0F9D9700EF1312 /* RenderContentView.swift in Sources */,
				CCF349B11E0FA19100EF1312 /* XView+Z.swift in Sources */,
				CCF349A21E0F9A0300EF1312 /* VertexBuffer.swift in Sources */,
				CC851CD61E1282770083268F /* PointsRenderable.swift in Sources */,
				CCADFADF1E211EBB00ECB9D0 /* BezierRenderer.swift in Sources */,
				CCF3498E1E0F9A0300EF1312 /* GeoUtils.swift in Sources */,
				CC851CD81E1282770083268F /* PointsRenderer.swift in Sources */,
				CC851CDA1E1282770083268F /* PointsShaders.metal in Sources */,
				CCF349A51E0F9A2B00EF1312 /* CrossPlatform.swift in Sources */,
				CC1F2F321E11523C0097B223 /* ImageRenderable.swift in Sources */,
				CC851D001E13A4100083268F /* MTLTexture+Z.swift in Sources */,
				CCF349B51E0FABB400EF1312 /* SampleScene.swift in Sources */,
				CCB11D9C1E24C67400F30482 /* MTLDevice+Z.swift in Sources */,
				CCAF8F121E63F6BA000ECD48 /* SampleCanvasViewController.swift in Sources */,
				CC78D71A1E436E0300B7C0DA /* Kernel.swift in Sources */,
				CC78D7171E436BF100B7C0DA /* Float16.swift in Sources */,
				CC1F2F331E11523C0097B223 /* ImageRenderer.swift in Sources */,
				CCF3498C1E0F9A0300EF1312 /* CoreGraphics+Z.swift in Sources */,
				CCF349BC1E0FBEA900EF1312 /* ColorRenderer.swift in Sources */,
				CCF349901E0F9A0300EF1312 /* Renderable.swift in Sources */,
				CC78D71D1E43832C00B7C0DA /* CGPath+Z.swift in Sources */,
				CC851CE01E12F8AD0083268F /* Sequence+Z.swift in Sources */,
				CCF349711E0F999400EF1312 /* AppDelegate.swift in Sources */,
				CCF349C11E0FF1E400EF1312 /* SampleSceneViewController.swift in Sources */,
				CCF349BE1E0FBEA900EF1312 /* ColorShaders.metal in Sources */,
				CCE9FE321E595F2B002603BC /* PatternRenderer.swift in Sources */,
				CC1F2F341E11523C0097B223 /* ImageShaders.metal in Sources */,
				CCF349BA1E0FBEA900EF1312 /* ColorRenderable.swift in Sources */,
			);
			runOnlyForDeploymentPostprocessing = 0;
		};
/* End PBXSourcesBuildPhase section */

/* Begin PBXVariantGroup section */
		CCF3495E1E0F996F00EF1312 /* Main.storyboard */ = {
			isa = PBXVariantGroup;
			children = (
				CCF3495F1E0F996F00EF1312 /* Base */,
			);
			name = Main.storyboard;
			sourceTree = "<group>";
		};
		CCF349631E0F996F00EF1312 /* LaunchScreen.storyboard */ = {
			isa = PBXVariantGroup;
			children = (
				CCF349641E0F996F00EF1312 /* Base */,
			);
			name = LaunchScreen.storyboard;
			sourceTree = "<group>";
		};
		CCF349761E0F999400EF1312 /* Main.storyboard */ = {
			isa = PBXVariantGroup;
			children = (
				CCF349771E0F999400EF1312 /* Base */,
			);
			name = Main.storyboard;
			sourceTree = "<group>";
		};
/* End PBXVariantGroup section */

/* Begin XCBuildConfiguration section */
		CCF349511E0F994000EF1312 /* Debug */ = {
			isa = XCBuildConfiguration;
			buildSettings = {
			};
			name = Debug;
		};
		CCF349521E0F994000EF1312 /* Release */ = {
			isa = XCBuildConfiguration;
			buildSettings = {
			};
			name = Release;
		};
		CCF349681E0F996F00EF1312 /* Debug */ = {
			isa = XCBuildConfiguration;
			buildSettings = {
				ALWAYS_SEARCH_USER_PATHS = NO;
				ASSETCATALOG_COMPILER_APPICON_NAME = AppIcon;
				CLANG_ANALYZER_NONNULL = YES;
				CLANG_CXX_LANGUAGE_STANDARD = "gnu++0x";
				CLANG_CXX_LIBRARY = "libc++";
				CLANG_ENABLE_MODULES = YES;
				CLANG_ENABLE_OBJC_ARC = YES;
				CLANG_WARN_BOOL_CONVERSION = YES;
				CLANG_WARN_CONSTANT_CONVERSION = YES;
				CLANG_WARN_DIRECT_OBJC_ISA_USAGE = YES_ERROR;
				CLANG_WARN_DOCUMENTATION_COMMENTS = YES;
				CLANG_WARN_EMPTY_BODY = YES;
				CLANG_WARN_ENUM_CONVERSION = YES;
				CLANG_WARN_INFINITE_RECURSION = YES;
				CLANG_WARN_INT_CONVERSION = YES;
				CLANG_WARN_OBJC_ROOT_CLASS = YES_ERROR;
				CLANG_WARN_SUSPICIOUS_MOVE = YES;
				CLANG_WARN_UNREACHABLE_CODE = YES;
				CLANG_WARN__DUPLICATE_METHOD_MATCH = YES;
				"CODE_SIGN_IDENTITY[sdk=iphoneos*]" = "iPhone Developer";
				COPY_PHASE_STRIP = NO;
				DEBUG_INFORMATION_FORMAT = dwarf;
				DEVELOPMENT_TEAM = 2P97EM4L4N;
				ENABLE_STRICT_OBJC_MSGSEND = YES;
				ENABLE_TESTABILITY = YES;
				GCC_C_LANGUAGE_STANDARD = gnu99;
				GCC_DYNAMIC_NO_PIC = NO;
				GCC_NO_COMMON_BLOCKS = YES;
				GCC_OPTIMIZATION_LEVEL = 0;
				GCC_PREPROCESSOR_DEFINITIONS = (
					"DEBUG=1",
					"$(inherited)",
				);
				GCC_WARN_64_TO_32_BIT_CONVERSION = YES;
				GCC_WARN_ABOUT_RETURN_TYPE = YES_ERROR;
				GCC_WARN_UNDECLARED_SELECTOR = YES;
				GCC_WARN_UNINITIALIZED_AUTOS = YES_AGGRESSIVE;
				GCC_WARN_UNUSED_FUNCTION = YES;
				GCC_WARN_UNUSED_VARIABLE = YES;
				INFOPLIST_FILE = SilvershadowApp_ios/Info.plist;
				IPHONEOS_DEPLOYMENT_TARGET = 10.0;
				LD_RUNPATH_SEARCH_PATHS = "$(inherited) @executable_path/Frameworks";
				MTL_ENABLE_DEBUG_INFO = YES;
				ONLY_ACTIVE_ARCH = YES;
				PRODUCT_BUNDLE_IDENTIFIER = "com.electricwoods.SilvershadowApp-ios";
				PRODUCT_NAME = "$(TARGET_NAME)";
				SDKROOT = iphoneos;
				SWIFT_ACTIVE_COMPILATION_CONDITIONS = DEBUG;
				SWIFT_OPTIMIZATION_LEVEL = "-Onone";
				SWIFT_VERSION = 3.0;
				TARGETED_DEVICE_FAMILY = "1,2";
			};
			name = Debug;
		};
		CCF349691E0F996F00EF1312 /* Release */ = {
			isa = XCBuildConfiguration;
			buildSettings = {
				ALWAYS_SEARCH_USER_PATHS = NO;
				ASSETCATALOG_COMPILER_APPICON_NAME = AppIcon;
				CLANG_ANALYZER_NONNULL = YES;
				CLANG_CXX_LANGUAGE_STANDARD = "gnu++0x";
				CLANG_CXX_LIBRARY = "libc++";
				CLANG_ENABLE_MODULES = YES;
				CLANG_ENABLE_OBJC_ARC = YES;
				CLANG_WARN_BOOL_CONVERSION = YES;
				CLANG_WARN_CONSTANT_CONVERSION = YES;
				CLANG_WARN_DIRECT_OBJC_ISA_USAGE = YES_ERROR;
				CLANG_WARN_DOCUMENTATION_COMMENTS = YES;
				CLANG_WARN_EMPTY_BODY = YES;
				CLANG_WARN_ENUM_CONVERSION = YES;
				CLANG_WARN_INFINITE_RECURSION = YES;
				CLANG_WARN_INT_CONVERSION = YES;
				CLANG_WARN_OBJC_ROOT_CLASS = YES_ERROR;
				CLANG_WARN_SUSPICIOUS_MOVE = YES;
				CLANG_WARN_UNREACHABLE_CODE = YES;
				CLANG_WARN__DUPLICATE_METHOD_MATCH = YES;
				"CODE_SIGN_IDENTITY[sdk=iphoneos*]" = "iPhone Developer";
				COPY_PHASE_STRIP = NO;
				DEBUG_INFORMATION_FORMAT = "dwarf-with-dsym";
				DEVELOPMENT_TEAM = 2P97EM4L4N;
				ENABLE_NS_ASSERTIONS = NO;
				ENABLE_STRICT_OBJC_MSGSEND = YES;
				GCC_C_LANGUAGE_STANDARD = gnu99;
				GCC_NO_COMMON_BLOCKS = YES;
				GCC_WARN_64_TO_32_BIT_CONVERSION = YES;
				GCC_WARN_ABOUT_RETURN_TYPE = YES_ERROR;
				GCC_WARN_UNDECLARED_SELECTOR = YES;
				GCC_WARN_UNINITIALIZED_AUTOS = YES_AGGRESSIVE;
				GCC_WARN_UNUSED_FUNCTION = YES;
				GCC_WARN_UNUSED_VARIABLE = YES;
				INFOPLIST_FILE = SilvershadowApp_ios/Info.plist;
				IPHONEOS_DEPLOYMENT_TARGET = 10.0;
				LD_RUNPATH_SEARCH_PATHS = "$(inherited) @executable_path/Frameworks";
				MTL_ENABLE_DEBUG_INFO = NO;
				PRODUCT_BUNDLE_IDENTIFIER = "com.electricwoods.SilvershadowApp-ios";
				PRODUCT_NAME = "$(TARGET_NAME)";
				SDKROOT = iphoneos;
				SWIFT_OPTIMIZATION_LEVEL = "-Owholemodule";
				SWIFT_VERSION = 3.0;
				TARGETED_DEVICE_FAMILY = "1,2";
				VALIDATE_PRODUCT = YES;
			};
			name = Release;
		};
		CCF3497B1E0F999400EF1312 /* Debug */ = {
			isa = XCBuildConfiguration;
			buildSettings = {
				ALWAYS_SEARCH_USER_PATHS = NO;
				ASSETCATALOG_COMPILER_APPICON_NAME = AppIcon;
				CLANG_ANALYZER_NONNULL = YES;
				CLANG_CXX_LANGUAGE_STANDARD = "gnu++0x";
				CLANG_CXX_LIBRARY = "libc++";
				CLANG_ENABLE_MODULES = YES;
				CLANG_ENABLE_OBJC_ARC = YES;
				CLANG_WARN_BOOL_CONVERSION = YES;
				CLANG_WARN_CONSTANT_CONVERSION = YES;
				CLANG_WARN_DIRECT_OBJC_ISA_USAGE = YES_ERROR;
				CLANG_WARN_DOCUMENTATION_COMMENTS = YES;
				CLANG_WARN_EMPTY_BODY = YES;
				CLANG_WARN_ENUM_CONVERSION = YES;
				CLANG_WARN_INFINITE_RECURSION = YES;
				CLANG_WARN_INT_CONVERSION = YES;
				CLANG_WARN_OBJC_ROOT_CLASS = YES_ERROR;
				CLANG_WARN_SUSPICIOUS_MOVE = YES;
				CLANG_WARN_UNREACHABLE_CODE = YES;
				CLANG_WARN__DUPLICATE_METHOD_MATCH = YES;
				CODE_SIGN_IDENTITY = "-";
				COMBINE_HIDPI_IMAGES = YES;
				COPY_PHASE_STRIP = NO;
				DEBUG_INFORMATION_FORMAT = dwarf;
				DEVELOPMENT_TEAM = 2P97EM4L4N;
				ENABLE_STRICT_OBJC_MSGSEND = YES;
				ENABLE_TESTABILITY = YES;
				GCC_C_LANGUAGE_STANDARD = gnu99;
				GCC_DYNAMIC_NO_PIC = NO;
				GCC_NO_COMMON_BLOCKS = YES;
				GCC_OPTIMIZATION_LEVEL = 0;
				GCC_PREPROCESSOR_DEFINITIONS = (
					"DEBUG=1",
					"$(inherited)",
				);
				GCC_WARN_64_TO_32_BIT_CONVERSION = YES;
				GCC_WARN_ABOUT_RETURN_TYPE = YES_ERROR;
				GCC_WARN_UNDECLARED_SELECTOR = YES;
				GCC_WARN_UNINITIALIZED_AUTOS = YES_AGGRESSIVE;
				GCC_WARN_UNUSED_FUNCTION = YES;
				GCC_WARN_UNUSED_VARIABLE = YES;
				INFOPLIST_FILE = SilvershadowApp_mac/Info.plist;
				LD_RUNPATH_SEARCH_PATHS = "$(inherited) @executable_path/../Frameworks";
				MACOSX_DEPLOYMENT_TARGET = 10.12;
				MTL_ENABLE_DEBUG_INFO = YES;
				ONLY_ACTIVE_ARCH = YES;
				PRODUCT_BUNDLE_IDENTIFIER = "com.electricwoods.SilvershadowApp-mac";
				PRODUCT_NAME = "$(TARGET_NAME)";
				SDKROOT = macosx;
				SWIFT_ACTIVE_COMPILATION_CONDITIONS = DEBUG;
				SWIFT_OPTIMIZATION_LEVEL = "-Onone";
				SWIFT_VERSION = 3.0;
			};
			name = Debug;
		};
		CCF3497C1E0F999400EF1312 /* Release */ = {
			isa = XCBuildConfiguration;
			buildSettings = {
				ALWAYS_SEARCH_USER_PATHS = NO;
				ASSETCATALOG_COMPILER_APPICON_NAME = AppIcon;
				CLANG_ANALYZER_NONNULL = YES;
				CLANG_CXX_LANGUAGE_STANDARD = "gnu++0x";
				CLANG_CXX_LIBRARY = "libc++";
				CLANG_ENABLE_MODULES = YES;
				CLANG_ENABLE_OBJC_ARC = YES;
				CLANG_WARN_BOOL_CONVERSION = YES;
				CLANG_WARN_CONSTANT_CONVERSION = YES;
				CLANG_WARN_DIRECT_OBJC_ISA_USAGE = YES_ERROR;
				CLANG_WARN_DOCUMENTATION_COMMENTS = YES;
				CLANG_WARN_EMPTY_BODY = YES;
				CLANG_WARN_ENUM_CONVERSION = YES;
				CLANG_WARN_INFINITE_RECURSION = YES;
				CLANG_WARN_INT_CONVERSION = YES;
				CLANG_WARN_OBJC_ROOT_CLASS = YES_ERROR;
				CLANG_WARN_SUSPICIOUS_MOVE = YES;
				CLANG_WARN_UNREACHABLE_CODE = YES;
				CLANG_WARN__DUPLICATE_METHOD_MATCH = YES;
				CODE_SIGN_IDENTITY = "-";
				COMBINE_HIDPI_IMAGES = YES;
				COPY_PHASE_STRIP = NO;
				DEBUG_INFORMATION_FORMAT = "dwarf-with-dsym";
				DEVELOPMENT_TEAM = 2P97EM4L4N;
				ENABLE_NS_ASSERTIONS = NO;
				ENABLE_STRICT_OBJC_MSGSEND = YES;
				GCC_C_LANGUAGE_STANDARD = gnu99;
				GCC_NO_COMMON_BLOCKS = YES;
				GCC_WARN_64_TO_32_BIT_CONVERSION = YES;
				GCC_WARN_ABOUT_RETURN_TYPE = YES_ERROR;
				GCC_WARN_UNDECLARED_SELECTOR = YES;
				GCC_WARN_UNINITIALIZED_AUTOS = YES_AGGRESSIVE;
				GCC_WARN_UNUSED_FUNCTION = YES;
				GCC_WARN_UNUSED_VARIABLE = YES;
				INFOPLIST_FILE = SilvershadowApp_mac/Info.plist;
				LD_RUNPATH_SEARCH_PATHS = "$(inherited) @executable_path/../Frameworks";
				MACOSX_DEPLOYMENT_TARGET = 10.12;
				MTL_ENABLE_DEBUG_INFO = NO;
				PRODUCT_BUNDLE_IDENTIFIER = "com.electricwoods.SilvershadowApp-mac";
				PRODUCT_NAME = "$(TARGET_NAME)";
				SDKROOT = macosx;
				SWIFT_OPTIMIZATION_LEVEL = "-Owholemodule";
				SWIFT_VERSION = 3.0;
			};
			name = Release;
		};
/* End XCBuildConfiguration section */

/* Begin XCConfigurationList section */
		CCF349501E0F994000EF1312 /* Build configuration list for PBXProject "Silvershadow" */ = {
			isa = XCConfigurationList;
			buildConfigurations = (
				CCF349511E0F994000EF1312 /* Debug */,
				CCF349521E0F994000EF1312 /* Release */,
			);
			defaultConfigurationIsVisible = 0;
			defaultConfigurationName = Release;
		};
		CCF349671E0F996F00EF1312 /* Build configuration list for PBXNativeTarget "SilvershadowApp_ios" */ = {
			isa = XCConfigurationList;
			buildConfigurations = (
				CCF349681E0F996F00EF1312 /* Debug */,
				CCF349691E0F996F00EF1312 /* Release */,
			);
			defaultConfigurationIsVisible = 0;
			defaultConfigurationName = Release;
		};
		CCF3497A1E0F999400EF1312 /* Build configuration list for PBXNativeTarget "SilvershadowApp_mac" */ = {
			isa = XCConfigurationList;
			buildConfigurations = (
				CCF3497B1E0F999400EF1312 /* Debug */,
				CCF3497C1E0F999400EF1312 /* Release */,
			);
			defaultConfigurationIsVisible = 0;
			defaultConfigurationName = Release;
		};
/* End XCConfigurationList section */
	};
	rootObject = CCF3494D1E0F994000EF1312 /* Project object */;
}
